// !$*UTF8*$!
{
	archiveVersion = 1;
	classes = {
	};
	objectVersion = 50;
	objects = {

/* Begin PBXBuildFile section */
		7F898E102369A0800068ED2B /* ViewController3.swift in Sources */ = {isa = PBXBuildFile; fileRef = 7F898E0F2369A0800068ED2B /* ViewController3.swift */; };
		7FC7D4412355DAE100E82788 /* AppDelegate.swift in Sources */ = {isa = PBXBuildFile; fileRef = 7FC7D4402355DAE100E82788 /* AppDelegate.swift */; };
		7FC7D4432355DAE100E82788 /* ViewController.swift in Sources */ = {isa = PBXBuildFile; fileRef = 7FC7D4422355DAE100E82788 /* ViewController.swift */; };
		7FC7D4462355DAE100E82788 /* Main.storyboard in Resources */ = {isa = PBXBuildFile; fileRef = 7FC7D4442355DAE100E82788 /* Main.storyboard */; };
		7FC7D4482355DAE800E82788 /* Assets.xcassets in Resources */ = {isa = PBXBuildFile; fileRef = 7FC7D4472355DAE800E82788 /* Assets.xcassets */; };
		7FC7D44B2355DAE800E82788 /* LaunchScreen.storyboard in Resources */ = {isa = PBXBuildFile; fileRef = 7FC7D4492355DAE800E82788 /* LaunchScreen.storyboard */; };
		7FCCDBE223604A34007D9C77 /* ImageCell.swift in Sources */ = {isa = PBXBuildFile; fileRef = 7FCCDBE123604A34007D9C77 /* ImageCell.swift */; };
		7FE0F1F32359B9980048FCFC /* ViewController2.swift in Sources */ = {isa = PBXBuildFile; fileRef = 7FE0F1F22359B9980048FCFC /* ViewController2.swift */; };
/* End PBXBuildFile section */

/* Begin PBXFileReference section */
		7F898E0F2369A0800068ED2B /* ViewController3.swift */ = {isa = PBXFileReference; lastKnownFileType = sourcecode.swift; path = ViewController3.swift; sourceTree = "<group>"; };
		7FC7D43D2355DAE100E82788 /* memory_game.app */ = {isa = PBXFileReference; explicitFileType = wrapper.application; includeInIndex = 0; path = memory_game.app; sourceTree = BUILT_PRODUCTS_DIR; };
		7FC7D4402355DAE100E82788 /* AppDelegate.swift */ = {isa = PBXFileReference; lastKnownFileType = sourcecode.swift; path = AppDelegate.swift; sourceTree = "<group>"; };
		7FC7D4422355DAE100E82788 /* ViewController.swift */ = {isa = PBXFileReference; lastKnownFileType = sourcecode.swift; path = ViewController.swift; sourceTree = "<group>"; };
		7FC7D4452355DAE100E82788 /* Base */ = {isa = PBXFileReference; lastKnownFileType = file.storyboard; name = Base; path = Base.lproj/Main.storyboard; sourceTree = "<group>"; };
		7FC7D4472355DAE800E82788 /* Assets.xcassets */ = {isa = PBXFileReference; lastKnownFileType = folder.assetcatalog; path = Assets.xcassets; sourceTree = "<group>"; };
		7FC7D44A2355DAE800E82788 /* Base */ = {isa = PBXFileReference; lastKnownFileType = file.storyboard; name = Base; path = Base.lproj/LaunchScreen.storyboard; sourceTree = "<group>"; };
		7FC7D44C2355DAE800E82788 /* Info.plist */ = {isa = PBXFileReference; lastKnownFileType = text.plist.xml; path = Info.plist; sourceTree = "<group>"; };
		7FCCDBE123604A34007D9C77 /* ImageCell.swift */ = {isa = PBXFileReference; lastKnownFileType = sourcecode.swift; path = ImageCell.swift; sourceTree = "<group>"; };
		7FE0F1F22359B9980048FCFC /* ViewController2.swift */ = {isa = PBXFileReference; lastKnownFileType = sourcecode.swift; path = ViewController2.swift; sourceTree = "<group>"; };
/* End PBXFileReference section */

/* Begin PBXFrameworksBuildPhase section */
		7FC7D43A2355DAE100E82788 /* Frameworks */ = {
			isa = PBXFrameworksBuildPhase;
			buildActionMask = 2147483647;
			files = (
			);
			runOnlyForDeploymentPostprocessing = 0;
		};
/* End PBXFrameworksBuildPhase section */

/* Begin PBXGroup section */
		7FC7D4342355DAE100E82788 = {
			isa = PBXGroup;
			children = (
				7FC7D43F2355DAE100E82788 /* memory_gane */,
				7FC7D43E2355DAE100E82788 /* Products */,
			);
			sourceTree = "<group>";
		};
		7FC7D43E2355DAE100E82788 /* Products */ = {
			isa = PBXGroup;
			children = (
				7FC7D43D2355DAE100E82788 /* memory_game.app */,
			);
			name = Products;
			sourceTree = "<group>";
		};
		7FC7D43F2355DAE100E82788 /* memory_gane */ = {
			isa = PBXGroup;
			children = (
				7FC7D4402355DAE100E82788 /* AppDelegate.swift */,
				7FC7D4422355DAE100E82788 /* ViewController.swift */,
				7FE0F1F22359B9980048FCFC /* ViewController2.swift */,
				7F898E0F2369A0800068ED2B /* ViewController3.swift */,
				7FC7D4442355DAE100E82788 /* Main.storyboard */,
				7FC7D4472355DAE800E82788 /* Assets.xcassets */,
				7FC7D4492355DAE800E82788 /* LaunchScreen.storyboard */,
				7FC7D44C2355DAE800E82788 /* Info.plist */,
				7FCCDBE123604A34007D9C77 /* ImageCell.swift */,
			);
			path = memory_gane;
			sourceTree = "<group>";
		};
/* End PBXGroup section */

/* Begin PBXNativeTarget section */
		7FC7D43C2355DAE100E82788 /* memory_game */ = {
			isa = PBXNativeTarget;
			buildConfigurationList = 7FC7D44F2355DAE800E82788 /* Build configuration list for PBXNativeTarget "memory_game" */;
			buildPhases = (
				7FC7D4392355DAE100E82788 /* Sources */,
				7FC7D43A2355DAE100E82788 /* Frameworks */,
				7FC7D43B2355DAE100E82788 /* Resources */,
			);
			buildRules = (
			);
			dependencies = (
			);
			name = memory_game;
			productName = memory_gane;
			productReference = 7FC7D43D2355DAE100E82788 /* memory_game.app */;
			productType = "com.apple.product-type.application";
		};
/* End PBXNativeTarget section */

/* Begin PBXProject section */
		7FC7D4352355DAE100E82788 /* Project object */ = {
			isa = PBXProject;
			attributes = {
				LastSwiftUpdateCheck = 1020;
				LastUpgradeCheck = 1020;
				ORGANIZATIONNAME = Alex;
				TargetAttributes = {
					7FC7D43C2355DAE100E82788 = {
						CreatedOnToolsVersion = 10.2.1;
					};
				};
			};
			buildConfigurationList = 7FC7D4382355DAE100E82788 /* Build configuration list for PBXProject "memory_game" */;
			compatibilityVersion = "Xcode 9.3";
			developmentRegion = en;
			hasScannedForEncodings = 0;
			knownRegions = (
				en,
				Base,
			);
			mainGroup = 7FC7D4342355DAE100E82788;
			productRefGroup = 7FC7D43E2355DAE100E82788 /* Products */;
			projectDirPath = "";
			projectRoot = "";
			targets = (
				7FC7D43C2355DAE100E82788 /* memory_game */,
			);
		};
/* End PBXProject section */

/* Begin PBXResourcesBuildPhase section */
		7FC7D43B2355DAE100E82788 /* Resources */ = {
			isa = PBXResourcesBuildPhase;
			buildActionMask = 2147483647;
			files = (
				7FC7D44B2355DAE800E82788 /* LaunchScreen.storyboard in Resources */,
				7FC7D4482355DAE800E82788 /* Assets.xcassets in Resources */,
				7FC7D4462355DAE100E82788 /* Main.storyboard in Resources */,
			);
			runOnlyForDeploymentPostprocessing = 0;
		};
/* End PBXResourcesBuildPhase section */

/* Begin PBXSourcesBuildPhase section */
		7FC7D4392355DAE100E82788 /* Sources */ = {
			isa = PBXSourcesBuildPhase;
			buildActionMask = 2147483647;
			files = (
				7F898E102369A0800068ED2B /* ViewController3.swift in Sources */,
				7FC7D4432355DAE100E82788 /* ViewController.swift in Sources */,
				7FC7D4412355DAE100E82788 /* AppDelegate.swift in Sources */,
				7FE0F1F32359B9980048FCFC /* ViewController2.swift in Sources */,
				7FCCDBE223604A34007D9C77 /* ImageCell.swift in Sources */,
			);
			runOnlyForDeploymentPostprocessing = 0;
		};
/* End PBXSourcesBuildPhase section */

/* Begin PBXVariantGroup section */
		7FC7D4442355DAE100E82788 /* Main.storyboard */ = {
			isa = PBXVariantGroup;
			children = (
				7FC7D4452355DAE100E82788 /* Base */,
			);
			name = Main.storyboard;
			sourceTree = "<group>";
		};
		7FC7D4492355DAE800E82788 /* LaunchScreen.storyboard */ = {
			isa = PBXVariantGroup;
			children = (
				7FC7D44A2355DAE800E82788 /* Base */,
			);
			name = LaunchScreen.storyboard;
			sourceTree = "<group>";
		};
/* End PBXVariantGroup section */

/* Begin XCBuildConfiguration section */
		7FC7D44D2355DAE800E82788 /* Debug */ = {
			isa = XCBuildConfiguration;
			buildSettings = {
				ALWAYS_SEARCH_USER_PATHS = NO;
				CLANG_ANALYZER_NONNULL = YES;
				CLANG_ANALYZER_NUMBER_OBJECT_CONVERSION = YES_AGGRESSIVE;
				CLANG_CXX_LANGUAGE_STANDARD = "gnu++14";
				CLANG_CXX_LIBRARY = "libc++";
				CLANG_ENABLE_MODULES = YES;
				CLANG_ENABLE_OBJC_ARC = YES;
				CLANG_ENABLE_OBJC_WEAK = YES;
				CLANG_WARN_BLOCK_CAPTURE_AUTORELEASING = YES;
				CLANG_WARN_BOOL_CONVERSION = YES;
				CLANG_WARN_COMMA = YES;
				CLANG_WARN_CONSTANT_CONVERSION = YES;
				CLANG_WARN_DEPRECATED_OBJC_IMPLEMENTATIONS = YES;
				CLANG_WARN_DIRECT_OBJC_ISA_USAGE = YES_ERROR;
				CLANG_WARN_DOCUMENTATION_COMMENTS = YES;
				CLANG_WARN_EMPTY_BODY = YES;
				CLANG_WARN_ENUM_CONVERSION = YES;
				CLANG_WARN_INFINITE_RECURSION = YES;
				CLANG_WARN_INT_CONVERSION = YES;
				CLANG_WARN_NON_LITERAL_NULL_CONVERSION = YES;
				CLANG_WARN_OBJC_IMPLICIT_RETAIN_SELF = YES;
				CLANG_WARN_OBJC_LITERAL_CONVERSION = YES;
				CLANG_WARN_OBJC_ROOT_CLASS = YES_ERROR;
				CLANG_WARN_RANGE_LOOP_ANALYSIS = YES;
				CLANG_WARN_STRICT_PROTOTYPES = YES;
				CLANG_WARN_SUSPICIOUS_MOVE = YES;
				CLANG_WARN_UNGUARDED_AVAILABILITY = YES_AGGRESSIVE;
				CLANG_WARN_UNREACHABLE_CODE = YES;
				CLANG_WARN__DUPLICATE_METHOD_MATCH = YES;
				CODE_SIGN_IDENTITY = "iPhone Developer";
				COPY_PHASE_STRIP = NO;
				DEBUG_INFORMATION_FORMAT = dwarf;
				ENABLE_STRICT_OBJC_MSGSEND = YES;
				ENABLE_TESTABILITY = YES;
				GCC_C_LANGUAGE_STANDARD = gnu11;
				GCC_DYNAMIC_NO_PIC = NO;
				GCC_NO_COMMON_BLOCKS = YES;
				GCC_OPTIMIZATION_LEVEL = 0;
				GCC_PREPROCESSOR_DEFINITIONS = (
					"DEBUG=1",
					"$(inherited)",
				);
				GCC_WARN_64_TO_32_BIT_CONVERSION = YES;
				GCC_WARN_ABOUT_RETURN_TYPE = YES_ERROR;
				GCC_WARN_UNDECLARED_SELECTOR = YES;
				GCC_WARN_UNINITIALIZED_AUTOS = YES_AGGRESSIVE;
				GCC_WARN_UNUSED_FUNCTION = YES;
				GCC_WARN_UNUSED_VARIABLE = YES;
				IPHONEOS_DEPLOYMENT_TARGET = 12.2;
				MTL_ENABLE_DEBUG_INFO = INCLUDE_SOURCE;
				MTL_FAST_MATH = YES;
				ONLY_ACTIVE_ARCH = YES;
				SDKROOT = iphoneos;
				SWIFT_ACTIVE_COMPILATION_CONDITIONS = DEBUG;
				SWIFT_OPTIMIZATION_LEVEL = "-Onone";
			};
			name = Debug;
		};
		7FC7D44E2355DAE800E82788 /* Release */ = {
			isa = XCBuildConfiguration;
			buildSettings = {
				ALWAYS_SEARCH_USER_PATHS = NO;
				CLANG_ANALYZER_NONNULL = YES;
				CLANG_ANALYZER_NUMBER_OBJECT_CONVERSION = YES_AGGRESSIVE;
				CLANG_CXX_LANGUAGE_STANDARD = "gnu++14";
				CLANG_CXX_LIBRARY = "libc++";
				CLANG_ENABLE_MODULES = YES;
				CLANG_ENABLE_OBJC_ARC = YES;
				CLANG_ENABLE_OBJC_WEAK = YES;
				CLANG_WARN_BLOCK_CAPTURE_AUTORELEASING = YES;
				CLANG_WARN_BOOL_CONVERSION = YES;
				CLANG_WARN_COMMA = YES;
				CLANG_WARN_CONSTANT_CONVERSION = YES;
				CLANG_WARN_DEPRECATED_OBJC_IMPLEMENTATIONS = YES;
				CLANG_WARN_DIRECT_OBJC_ISA_USAGE = YES_ERROR;
				CLANG_WARN_DOCUMENTATION_COMMENTS = YES;
				CLANG_WARN_EMPTY_BODY = YES;
				CLANG_WARN_ENUM_CONVERSION = YES;
				CLANG_WARN_INFINITE_RECURSION = YES;
				CLANG_WARN_INT_CONVERSION = YES;
				CLANG_WARN_NON_LITERAL_NULL_CONVERSION = YES;
				CLANG_WARN_OBJC_IMPLICIT_RETAIN_SELF = YES;
				CLANG_WARN_OBJC_LITERAL_CONVERSION = YES;
				CLANG_WARN_OBJC_ROOT_CLASS = YES_ERROR;
				CLANG_WARN_RANGE_LOOP_ANALYSIS = YES;
				CLANG_WARN_STRICT_PROTOTYPES = YES;
				CLANG_WARN_SUSPICIOUS_MOVE = YES;
				CLANG_WARN_UNGUARDED_AVAILABILITY = YES_AGGRESSIVE;
				CLANG_WARN_UNREACHABLE_CODE = YES;
				CLANG_WARN__DUPLICATE_METHOD_MATCH = YES;
				CODE_SIGN_IDENTITY = "iPhone Developer";
				COPY_PHASE_STRIP = NO;
				DEBUG_INFORMATION_FORMAT = "dwarf-with-dsym";
				ENABLE_NS_ASSERTIONS = NO;
				ENABLE_STRICT_OBJC_MSGSEND = YES;
				GCC_C_LANGUAGE_STANDARD = gnu11;
				GCC_NO_COMMON_BLOCKS = YES;
				GCC_WARN_64_TO_32_BIT_CONVERSION = YES;
				GCC_WARN_ABOUT_RETURN_TYPE = YES_ERROR;
				GCC_WARN_UNDECLARED_SELECTOR = YES;
				GCC_WARN_UNINITIALIZED_AUTOS = YES_AGGRESSIVE;
				GCC_WARN_UNUSED_FUNCTION = YES;
				GCC_WARN_UNUSED_VARIABLE = YES;
				IPHONEOS_DEPLOYMENT_TARGET = 12.2;
				MTL_ENABLE_DEBUG_INFO = NO;
				MTL_FAST_MATH = YES;
				SDKROOT = iphoneos;
				SWIFT_COMPILATION_MODE = wholemodule;
				SWIFT_OPTIMIZATION_LEVEL = "-O";
				VALIDATE_PRODUCT = YES;
			};
			name = Release;
		};
		7FC7D4502355DAE800E82788 /* Debug */ = {
			isa = XCBuildConfiguration;
			buildSettings = {
				ASSETCATALOG_COMPILER_APPICON_NAME = AppIcon;
				CODE_SIGN_STYLE = Automatic;
				INFOPLIST_FILE = memory_gane/Info.plist;
				LD_RUNPATH_SEARCH_PATHS = (
					"$(inherited)",
					"@executable_path/Frameworks",
				);
				PRODUCT_BUNDLE_IDENTIFIER = "u.memory-gane";
				PRODUCT_NAME = "$(TARGET_NAME)";
				SWIFT_VERSION = 5.0;
				TARGETED_DEVICE_FAMILY = "1,2";
			};
			name = Debug;
		};
		7FC7D4512355DAE800E82788 /* Release */ = {
			isa = XCBuildConfiguration;
			buildSettings = {
				ASSETCATALOG_COMPILER_APPICON_NAME = AppIcon;
				CODE_SIGN_STYLE = Automatic;
				INFOPLIST_FILE = memory_gane/Info.plist;
				LD_RUNPATH_SEARCH_PATHS = (
					"$(inherited)",
					"@executable_path/Frameworks",
				);
				PRODUCT_BUNDLE_IDENTIFIER = "u.memory-gane";
				PRODUCT_NAME = "$(TARGET_NAME)";
				SWIFT_VERSION = 5.0;
				TARGETED_DEVICE_FAMILY = "1,2";
			};
			name = Release;
		};
/* End XCBuildConfiguration section */

/* Begin XCConfigurationList section */
		7FC7D4382355DAE100E82788 /* Build configuration list for PBXProject "memory_game" */ = {
			isa = XCConfigurationList;
			buildConfigurations = (
				7FC7D44D2355DAE800E82788 /* Debug */,
				7FC7D44E2355DAE800E82788 /* Release */,
			);
			defaultConfigurationIsVisible = 0;
			defaultConfigurationName = Release;
		};
		7FC7D44F2355DAE800E82788 /* Build configuration list for PBXNativeTarget "memory_game" */ = {
			isa = XCConfigurationList;
			buildConfigurations = (
				7FC7D4502355DAE800E82788 /* Debug */,
				7FC7D4512355DAE800E82788 /* Release */,
			);
			defaultConfigurationIsVisible = 0;
			defaultConfigurationName = Release;
		};
/* End XCConfigurationList section */
	};
	rootObject = 7FC7D4352355DAE100E82788 /* Project object */;
}
